{
  "version": "5",
  "specifiers": {
    "npm:@playwright/test@^1.54.1": "1.54.1",
    "npm:@types/d3@^7.4.3": "7.4.3",
    "npm:@types/he@1.2": "1.2.3",
    "npm:@types/mathjax@^0.0.40": "0.0.40",
    "npm:@types/node@^24.0.15": "24.0.15",
    "npm:@types/qrcode@^1.5.5": "1.5.5",
    "npm:bech32@2": "2.0.0",
    "npm:he@1.2": "1.2.0",
    "npm:highlight.js@^11.11.1": "11.11.1",
    "npm:node-emoji@^2.2.0": "2.2.0",
    "npm:plantuml-encoder@^1.4.0": "1.4.0",
    "npm:playwright@^1.50.1": "1.54.1",
    "npm:playwright@^1.54.1": "1.54.1",
    "npm:tslib@2.8": "2.8.1"
  },
  "npm": {
    "@esbuild/aix-ppc64@0.25.7": {
      "integrity": "sha512-uD0kKFHh6ETr8TqEtaAcV+dn/2qnYbH/+8wGEdY70Qf7l1l/jmBUbrmQqwiPKAQE6cOQ7dTj6Xr0HzQDGHyceQ==",
      "os": ["aix"],
      "cpu": ["ppc64"]
    },
    "@esbuild/android-arm64@0.25.7": {
      "integrity": "sha512-p0ohDnwyIbAtztHTNUTzN5EGD/HJLs1bwysrOPgSdlIA6NDnReoVfoCyxG6W1d85jr2X80Uq5KHftyYgaK9LPQ==",
      "os": ["android"],
      "cpu": ["arm64"]
    },
    "@esbuild/android-arm@0.25.7": {
      "integrity": "sha512-Jhuet0g1k9rAJHrXGIh7sFknFuT4sfytYZpZpuZl7YKDhnPByVAm5oy2LEBmMbuYf3ejWVYCc2seX81Mk+madA==",
      "os": ["android"],
      "cpu": ["arm"]
    },
    "@esbuild/android-x64@0.25.7": {
      "integrity": "sha512-mMxIJFlSgVK23HSsII3ZX9T2xKrBCDGyk0qiZnIW10LLFFtZLkFD6imZHu7gUo2wkNZwS9Yj3mOtZD3ZPcjCcw==",
      "os": ["android"],
      "cpu": ["x64"]
    },
    "@esbuild/darwin-arm64@0.25.7": {
      "integrity": "sha512-jyOFLGP2WwRwxM8F1VpP6gcdIJc8jq2CUrURbbTouJoRO7XCkU8GdnTDFIHdcifVBT45cJlOYsZ1kSlfbKjYUQ==",
      "os": ["darwin"],
      "cpu": ["arm64"]
    },
    "@esbuild/darwin-x64@0.25.7": {
      "integrity": "sha512-m9bVWqZCwQ1BthruifvG64hG03zzz9gE2r/vYAhztBna1/+qXiHyP9WgnyZqHgGeXoimJPhAmxfbeU+nMng6ZA==",
      "os": ["darwin"],
      "cpu": ["x64"]
    },
    "@esbuild/freebsd-arm64@0.25.7": {
      "integrity": "sha512-Bss7P4r6uhr3kDzRjPNEnTm/oIBdTPRNQuwaEFWT/uvt6A1YzK/yn5kcx5ZxZ9swOga7LqeYlu7bDIpDoS01bA==",
      "os": ["freebsd"],
      "cpu": ["arm64"]
    },
    "@esbuild/freebsd-x64@0.25.7": {
      "integrity": "sha512-S3BFyjW81LXG7Vqmr37ddbThrm3A84yE7ey/ERBlK9dIiaWgrjRlre3pbG7txh1Uaxz8N7wGGQXmC9zV+LIpBQ==",
      "os": ["freebsd"],
      "cpu": ["x64"]
    },
    "@esbuild/linux-arm64@0.25.7": {
      "integrity": "sha512-HfQZQqrNOfS1Okn7PcsGUqHymL1cWGBslf78dGvtrj8q7cN3FkapFgNA4l/a5lXDwr7BqP2BSO6mz9UremNPbg==",
      "os": ["linux"],
      "cpu": ["arm64"]
    },
    "@esbuild/linux-arm@0.25.7": {
      "integrity": "sha512-JZMIci/1m5vfQuhKoFXogCKVYVfYQmoZJg8vSIMR4TUXbF+0aNlfXH3DGFEFMElT8hOTUF5hisdZhnrZO/bkDw==",
      "os": ["linux"],
      "cpu": ["arm"]
    },
    "@esbuild/linux-ia32@0.25.7": {
      "integrity": "sha512-9Jex4uVpdeofiDxnwHRgen+j6398JlX4/6SCbbEFEXN7oMO2p0ueLN+e+9DdsdPLUdqns607HmzEFnxwr7+5wQ==",
      "os": ["linux"],
      "cpu": ["ia32"]
    },
    "@esbuild/linux-loong64@0.25.7": {
      "integrity": "sha512-TG1KJqjBlN9IHQjKVUYDB0/mUGgokfhhatlay8aZ/MSORMubEvj/J1CL8YGY4EBcln4z7rKFbsH+HeAv0d471w==",
      "os": ["linux"],
      "cpu": ["loong64"]
    },
    "@esbuild/linux-mips64el@0.25.7": {
      "integrity": "sha512-Ty9Hj/lx7ikTnhOfaP7ipEm/ICcBv94i/6/WDg0OZ3BPBHhChsUbQancoWYSO0WNkEiSW5Do4febTTy4x1qYQQ==",
      "os": ["linux"],
      "cpu": ["mips64el"]
    },
    "@esbuild/linux-ppc64@0.25.7": {
      "integrity": "sha512-MrOjirGQWGReJl3BNQ58BLhUBPpWABnKrnq8Q/vZWWwAB1wuLXOIxS2JQ1LT3+5T+3jfPh0tyf5CpbyQHqnWIQ==",
      "os": ["linux"],
      "cpu": ["ppc64"]
    },
    "@esbuild/linux-riscv64@0.25.7": {
      "integrity": "sha512-9pr23/pqzyqIZEZmQXnFyqp3vpa+KBk5TotfkzGMqpw089PGm0AIowkUppHB9derQzqniGn3wVXgck19+oqiOw==",
      "os": ["linux"],
      "cpu": ["riscv64"]
    },
    "@esbuild/linux-s390x@0.25.7": {
      "integrity": "sha512-4dP11UVGh9O6Y47m8YvW8eoA3r8qL2toVZUbBKyGta8j6zdw1cn9F/Rt59/Mhv0OgY68pHIMjGXWOUaykCnx+w==",
      "os": ["linux"],
      "cpu": ["s390x"]
    },
    "@esbuild/linux-x64@0.25.7": {
      "integrity": "sha512-ghJMAJTdw/0uhz7e7YnpdX1xVn7VqA0GrWrAO2qKMuqbvgHT2VZiBv1BQ//VcHsPir4wsL3P2oPggfKPzTKoCA==",
      "os": ["linux"],
      "cpu": ["x64"]
    },
    "@esbuild/netbsd-arm64@0.25.7": {
      "integrity": "sha512-bwXGEU4ua45+u5Ci/a55B85KWaDSRS8NPOHtxy2e3etDjbz23wlry37Ffzapz69JAGGc4089TBo+dGzydQmydg==",
      "os": ["netbsd"],
      "cpu": ["arm64"]
    },
    "@esbuild/netbsd-x64@0.25.7": {
      "integrity": "sha512-tUZRvLtgLE5OyN46sPSYlgmHoBS5bx2URSrgZdW1L1teWPYVmXh+QN/sKDqkzBo/IHGcKcHLKDhBeVVkO7teEA==",
      "os": ["netbsd"],
      "cpu": ["x64"]
    },
    "@esbuild/openbsd-arm64@0.25.7": {
      "integrity": "sha512-bTJ50aoC+WDlDGBReWYiObpYvQfMjBNlKztqoNUL0iUkYtwLkBQQeEsTq/I1KyjsKA5tyov6VZaPb8UdD6ci6Q==",
      "os": ["openbsd"],
      "cpu": ["arm64"]
    },
    "@esbuild/openbsd-x64@0.25.7": {
      "integrity": "sha512-TA9XfJrgzAipFUU895jd9j2SyDh9bbNkK2I0gHcvqb/o84UeQkBpi/XmYX3cO1q/9hZokdcDqQxIi6uLVrikxg==",
      "os": ["openbsd"],
      "cpu": ["x64"]
    },
    "@esbuild/openharmony-arm64@0.25.7": {
      "integrity": "sha512-5VTtExUrWwHHEUZ/N+rPlHDwVFQ5aME7vRJES8+iQ0xC/bMYckfJ0l2n3yGIfRoXcK/wq4oXSItZAz5wslTKGw==",
      "os": ["openharmony"],
      "cpu": ["arm64"]
    },
    "@esbuild/sunos-x64@0.25.7": {
      "integrity": "sha512-umkbn7KTxsexhv2vuuJmj9kggd4AEtL32KodkJgfhNOHMPtQ55RexsaSrMb+0+jp9XL4I4o2y91PZauVN4cH3A==",
      "os": ["sunos"],
      "cpu": ["x64"]
    },
    "@esbuild/win32-arm64@0.25.7": {
      "integrity": "sha512-j20JQGP/gz8QDgzl5No5Gr4F6hurAZvtkFxAKhiv2X49yi/ih8ECK4Y35YnjlMogSKJk931iNMcd35BtZ4ghfw==",
      "os": ["win32"],
      "cpu": ["arm64"]
    },
    "@esbuild/win32-ia32@0.25.7": {
      "integrity": "sha512-4qZ6NUfoiiKZfLAXRsvFkA0hoWVM+1y2bSHXHkpdLAs/+r0LgwqYohmfZCi985c6JWHhiXP30mgZawn/XrqAkQ==",
      "os": ["win32"],
      "cpu": ["ia32"]
    },
    "@esbuild/win32-x64@0.25.7": {
      "integrity": "sha512-FaPsAHTwm+1Gfvn37Eg3E5HIpfR3i6x1AIcla/MkqAIupD4BW3MrSeUqfoTzwwJhk3WE2/KqUn4/eenEJC76VA==",
      "os": ["win32"],
      "cpu": ["x64"]
    },
    "@playwright/test@1.54.1": {
      "integrity": "sha512-FS8hQ12acieG2dYSksmLOF7BNxnVf2afRJdCuM1eMSxj6QTSE6G4InGF7oApGgDb65MX7AwMVlIkpru0yZA4Xw==",
      "dependencies": [
        "playwright"
      ],
      "bin": true
    },
    "@sindresorhus/is@4.6.0": {
      "integrity": "sha512-t09vSN3MdfsyCHoFcTRCH/iUtG7OJ0CsjzB8cjAmKc/va/kIgeDI/TxsigdncE/4be734m0cvIYwNaV4i2XqAw=="
    },
    "@types/d3-array@3.2.1": {
      "integrity": "sha512-Y2Jn2idRrLzUfAKV2LyRImR+y4oa2AntrgID95SHJxuMUrkNXmanDSed71sRNZysveJVt1hLLemQZIady0FpEg=="
    },
    "@types/d3-axis@3.0.6": {
      "integrity": "sha512-pYeijfZuBd87T0hGn0FO1vQ/cgLk6E1ALJjfkC0oJ8cbwkZl3TpgS8bVBLZN+2jjGgg38epgxb2zmoGtSfvgMw==",
      "dependencies": [
        "@types/d3-selection"
      ]
    },
    "@types/d3-brush@3.0.6": {
      "integrity": "sha512-nH60IZNNxEcrh6L1ZSMNA28rj27ut/2ZmI3r96Zd+1jrZD++zD3LsMIjWlvg4AYrHn/Pqz4CF3veCxGjtbqt7A==",
      "dependencies": [
        "@types/d3-selection"
      ]
    },
    "@types/d3-chord@3.0.6": {
      "integrity": "sha512-LFYWWd8nwfwEmTZG9PfQxd17HbNPksHBiJHaKuY1XeqscXacsS2tyoo6OdRsjf+NQYeB6XrNL3a25E3gH69lcg=="
    },
    "@types/d3-color@3.1.3": {
      "integrity": "sha512-iO90scth9WAbmgv7ogoq57O9YpKmFBbmoEoCHDB2xMBY0+/KVrqAaCDyCE16dUspeOvIxFFRI+0sEtqDqy2b4A=="
    },
    "@types/d3-contour@3.0.6": {
      "integrity": "sha512-BjzLgXGnCWjUSYGfH1cpdo41/hgdWETu4YxpezoztawmqsvCeep+8QGfiY6YbDvfgHz/DkjeIkkZVJavB4a3rg==",
      "dependencies": [
        "@types/d3-array",
        "@types/geojson"
      ]
    },
    "@types/d3-delaunay@6.0.4": {
      "integrity": "sha512-ZMaSKu4THYCU6sV64Lhg6qjf1orxBthaC161plr5KuPHo3CNm8DTHiLw/5Eq2b6TsNP0W0iJrUOFscY6Q450Hw=="
    },
    "@types/d3-dispatch@3.0.6": {
      "integrity": "sha512-4fvZhzMeeuBJYZXRXrRIQnvUYfyXwYmLsdiN7XXmVNQKKw1cM8a5WdID0g1hVFZDqT9ZqZEY5pD44p24VS7iZQ=="
    },
    "@types/d3-drag@3.0.7": {
      "integrity": "sha512-HE3jVKlzU9AaMazNufooRJ5ZpWmLIoc90A37WU2JMmeq28w1FQqCZswHZ3xR+SuxYftzHq6WU6KJHvqxKzTxxQ==",
      "dependencies": [
        "@types/d3-selection"
      ]
    },
    "@types/d3-dsv@3.0.7": {
      "integrity": "sha512-n6QBF9/+XASqcKK6waudgL0pf/S5XHPPI8APyMLLUHd8NqouBGLsU8MgtO7NINGtPBtk9Kko/W4ea0oAspwh9g=="
    },
    "@types/d3-ease@3.0.2": {
      "integrity": "sha512-NcV1JjO5oDzoK26oMzbILE6HW7uVXOHLQvHshBUW4UMdZGfiY6v5BeQwh9a9tCzv+CeefZQHJt5SRgK154RtiA=="
    },
    "@types/d3-fetch@3.0.7": {
      "integrity": "sha512-fTAfNmxSb9SOWNB9IoG5c8Hg6R+AzUHDRlsXsDZsNp6sxAEOP0tkP3gKkNSO/qmHPoBFTxNrjDprVHDQDvo5aA==",
      "dependencies": [
        "@types/d3-dsv"
      ]
    },
    "@types/d3-force@3.0.10": {
      "integrity": "sha512-ZYeSaCF3p73RdOKcjj+swRlZfnYpK1EbaDiYICEEp5Q6sUiqFaFQ9qgoshp5CzIyyb/yD09kD9o2zEltCexlgw=="
    },
    "@types/d3-format@3.0.4": {
      "integrity": "sha512-fALi2aI6shfg7vM5KiR1wNJnZ7r6UuggVqtDA+xiEdPZQwy/trcQaHnwShLuLdta2rTymCNpxYTiMZX/e09F4g=="
    },
    "@types/d3-geo@3.1.0": {
      "integrity": "sha512-856sckF0oP/diXtS4jNsiQw/UuK5fQG8l/a9VVLeSouf1/PPbBE1i1W852zVwKwYCBkFJJB7nCFTbk6UMEXBOQ==",
      "dependencies": [
        "@types/geojson"
      ]
    },
    "@types/d3-hierarchy@3.1.7": {
      "integrity": "sha512-tJFtNoYBtRtkNysX1Xq4sxtjK8YgoWUNpIiUee0/jHGRwqvzYxkq0hGVbbOGSz+JgFxxRu4K8nb3YpG3CMARtg=="
    },
    "@types/d3-interpolate@3.0.4": {
      "integrity": "sha512-mgLPETlrpVV1YRJIglr4Ez47g7Yxjl1lj7YKsiMCb27VJH9W8NVM6Bb9d8kkpG/uAQS5AmbA48q2IAolKKo1MA==",
      "dependencies": [
        "@types/d3-color"
      ]
    },
    "@types/d3-path@3.1.1": {
      "integrity": "sha512-VMZBYyQvbGmWyWVea0EHs/BwLgxc+MKi1zLDCONksozI4YJMcTt8ZEuIR4Sb1MMTE8MMW49v0IwI5+b7RmfWlg=="
    },
    "@types/d3-polygon@3.0.2": {
      "integrity": "sha512-ZuWOtMaHCkN9xoeEMr1ubW2nGWsp4nIql+OPQRstu4ypeZ+zk3YKqQT0CXVe/PYqrKpZAi+J9mTs05TKwjXSRA=="
    },
    "@types/d3-quadtree@3.0.6": {
      "integrity": "sha512-oUzyO1/Zm6rsxKRHA1vH0NEDG58HrT5icx/azi9MF1TWdtttWl0UIUsjEQBBh+SIkrpd21ZjEv7ptxWys1ncsg=="
    },
    "@types/d3-random@3.0.3": {
      "integrity": "sha512-Imagg1vJ3y76Y2ea0871wpabqp613+8/r0mCLEBfdtqC7xMSfj9idOnmBYyMoULfHePJyxMAw3nWhJxzc+LFwQ=="
    },
    "@types/d3-scale-chromatic@3.1.0": {
      "integrity": "sha512-iWMJgwkK7yTRmWqRB5plb1kadXyQ5Sj8V/zYlFGMUBbIPKQScw+Dku9cAAMgJG+z5GYDoMjWGLVOvjghDEFnKQ=="
    },
    "@types/d3-scale@4.0.9": {
      "integrity": "sha512-dLmtwB8zkAeO/juAMfnV+sItKjlsw2lKdZVVy6LRr0cBmegxSABiLEpGVmSJJ8O08i4+sGR6qQtb6WtuwJdvVw==",
      "dependencies": [
        "@types/d3-time"
      ]
    },
    "@types/d3-selection@3.0.11": {
      "integrity": "sha512-bhAXu23DJWsrI45xafYpkQ4NtcKMwWnAC/vKrd2l+nxMFuvOT3XMYTIj2opv8vq8AO5Yh7Qac/nSeP/3zjTK0w=="
    },
    "@types/d3-shape@3.1.7": {
      "integrity": "sha512-VLvUQ33C+3J+8p+Daf+nYSOsjB4GXp19/S/aGo60m9h1v6XaxjiT82lKVWJCfzhtuZ3yD7i/TPeC/fuKLLOSmg==",
      "dependencies": [
        "@types/d3-path"
      ]
    },
    "@types/d3-time-format@4.0.3": {
      "integrity": "sha512-5xg9rC+wWL8kdDj153qZcsJ0FWiFt0J5RB6LYUNZjwSnesfblqrI/bJ1wBdJ8OQfncgbJG5+2F+qfqnqyzYxyg=="
    },
    "@types/d3-time@3.0.4": {
      "integrity": "sha512-yuzZug1nkAAaBlBBikKZTgzCeA+k1uy4ZFwWANOfKw5z5LRhV0gNA7gNkKm7HoK+HRN0wX3EkxGk0fpbWhmB7g=="
    },
    "@types/d3-timer@3.0.2": {
      "integrity": "sha512-Ps3T8E8dZDam6fUyNiMkekK3XUsaUEik+idO9/YjPtfj2qruF8tFBXS7XhtE4iIXBLxhmLjP3SXpLhVf21I9Lw=="
    },
    "@types/d3-transition@3.0.9": {
      "integrity": "sha512-uZS5shfxzO3rGlu0cC3bjmMFKsXv+SmZZcgp0KD22ts4uGXp5EVYGzu/0YdwZeKmddhcAccYtREJKkPfXkZuCg==",
      "dependencies": [
        "@types/d3-selection"
      ]
    },
    "@types/d3-zoom@3.0.8": {
      "integrity": "sha512-iqMC4/YlFCSlO8+2Ii1GGGliCAY4XdeG748w5vQUbevlbDu0zSjH/+jojorQVBK/se0j6DUFNPBGSqD3YWYnDw==",
      "dependencies": [
        "@types/d3-interpolate",
        "@types/d3-selection"
      ]
    },
    "@types/d3@7.4.3": {
      "integrity": "sha512-lZXZ9ckh5R8uiFVt8ogUNf+pIrK4EsWrx2Np75WvF/eTpJ0FMHNhjXk8CKEx/+gpHbNQyJWehbFaTvqmHWB3ww==",
      "dependencies": [
        "@types/d3-array",
        "@types/d3-axis",
        "@types/d3-brush",
        "@types/d3-chord",
        "@types/d3-color",
        "@types/d3-contour",
        "@types/d3-delaunay",
        "@types/d3-dispatch",
        "@types/d3-drag",
        "@types/d3-dsv",
        "@types/d3-ease",
        "@types/d3-fetch",
        "@types/d3-force",
        "@types/d3-format",
        "@types/d3-geo",
        "@types/d3-hierarchy",
        "@types/d3-interpolate",
        "@types/d3-path",
        "@types/d3-polygon",
        "@types/d3-quadtree",
        "@types/d3-random",
        "@types/d3-scale",
        "@types/d3-scale-chromatic",
        "@types/d3-selection",
        "@types/d3-shape",
        "@types/d3-time",
        "@types/d3-time-format",
        "@types/d3-timer",
        "@types/d3-transition",
        "@types/d3-zoom"
      ]
    },
    "@types/geojson@7946.0.16": {
      "integrity": "sha512-6C8nqWur3j98U6+lXDfTUWIfgvZU+EumvpHKcYjujKH7woYyLj2sUmff0tRhrqM7BohUw7Pz3ZB1jj2gW9Fvmg=="
    },
    "@types/he@1.2.3": {
      "integrity": "sha512-q67/qwlxblDzEDvzHhVkwc1gzVWxaNxeyHUBF4xElrvjL11O+Ytze+1fGpBHlr/H9myiBUaUXNnNPmBHxxfAcA=="
    },
    "@types/mathjax@0.0.40": {
      "integrity": "sha512-rHusx08LCg92WJxrsM3SPjvLTSvK5C+gealtSuhKbEOcUZfWlwigaFoPLf6Dfxhg4oryN5qP9Sj7zOQ4HYXINw=="
    },
    "@types/node@22.15.15": {
      "integrity": "sha512-R5muMcZob3/Jjchn5LcO8jdKwSCbzqmPB6ruBxMcf9kbxtniZHP327s6C37iOfuw8mbKK3cAQa7sEl7afLrQ8A==",
      "dependencies": [
        "undici-types@6.21.0"
      ]
    },
    "@types/node@24.0.15": {
      "integrity": "sha512-oaeTSbCef7U/z7rDeJA138xpG3NuKc64/rZ2qmUFkFJmnMsAPaluIifqyWd8hSSMxyP9oie3dLAqYPblag9KgA==",
      "dependencies": [
        "undici-types@7.8.0"
      ]
    },
    "@types/qrcode@1.5.5": {
      "integrity": "sha512-CdfBi/e3Qk+3Z/fXYShipBT13OJ2fDO2Q2w5CIP5anLTLIndQG9z6P1cnm+8zCWSpm5dnxMFd/uREtb0EXuQzg==",
      "dependencies": [
        "@types/node@22.15.15"
      ]
    },
    "bech32@2.0.0": {
      "integrity": "sha512-LcknSilhIGatDAsY1ak2I8VtGaHNhgMSYVxFrGLXv+xLHytaKZKcaUJJUE7qmBr7h33o5YQwP55pMI0xmkpJwg=="
    },
    "char-regex@1.0.2": {
      "integrity": "sha512-kWWXztvZ5SBQV+eRgKFeh8q5sLuZY2+8WUIzlxWVTg+oGwY14qylx1KbKzHd8P6ZYkAg0xyIDU9JMHhyJMZ1jw=="
    },
    "emojilib@2.4.0": {
      "integrity": "sha512-5U0rVMU5Y2n2+ykNLQqMoqklN9ICBT/KsvC1Gz6vqHbz2AXXGkG+Pm5rMWk/8Vjrr/mY9985Hi8DYzn1F09Nyw=="
    },
    "fsevents@2.3.2": {
      "integrity": "sha512-xiqMQR4xAeHTuB9uWm+fFRcIOgKBMiOBP+eXiyT7jsgVCq1bkVygt00oASowB7EdtpOHaaPgKt812P9ab+DDKA==",
      "os": ["darwin"],
      "scripts": true
    },
    "he@1.2.0": {
      "integrity": "sha512-F/1DnUGPopORZi0ni+CvrCgHQ5FyEAHRLSApuYWMmrbSwoN2Mn/7k+Gl38gJnR7yyDZk6WLXwiGod1JOWNDKGw==",
      "bin": true
    },
    "highlight.js@11.11.1": {
      "integrity": "sha512-Xwwo44whKBVCYoliBQwaPvtd/2tYFkRQtXDWj1nackaV2JPXx3L0+Jvd8/qCJ2p+ML0/XVkJ2q+Mr+UVdpJK5w=="
    },
    "node-emoji@2.2.0": {
      "integrity": "sha512-Z3lTE9pLaJF47NyMhd4ww1yFTAP8YhYI8SleJiHzM46Fgpm5cnNzSl9XfzFNqbaz+VlJrIj3fXQ4DeN1Rjm6cw==",
      "dependencies": [
        "@sindresorhus/is",
        "char-regex",
        "emojilib",
        "skin-tone"
      ]
    },
    "plantuml-encoder@1.4.0": {
      "integrity": "sha512-sxMwpDw/ySY1WB2CE3+IdMuEcWibJ72DDOsXLkSmEaSzwEUaYBT6DWgOfBiHGCux4q433X6+OEFWjlVqp7gL6g=="
    },
    "playwright-core@1.54.1": {
      "integrity": "sha512-Nbjs2zjj0htNhzgiy5wu+3w09YetDx5pkrpI/kZotDlDUaYk0HVA5xrBVPdow4SAUIlhgKcJeJg4GRKW6xHusA==",
      "bin": true
    },
    "playwright@1.54.1": {
      "integrity": "sha512-peWpSwIBmSLi6aW2auvrUtf2DqY16YYcCMO8rTVx486jKmDTJg7UAhyrraP98GB8BoPURZP8+nxO7TSd4cPr5g==",
      "dependencies": [
        "playwright-core"
      ],
      "optionalDependencies": [
        "fsevents"
      ],
      "bin": true
    },
    "skin-tone@2.0.0": {
      "integrity": "sha512-kUMbT1oBJCpgrnKoSr0o6wPtvRWT9W9UKvGLwfJYO2WuahZRHOpEyL1ckyMGgMWh0UdpmaoFqKKD29WTomNEGA==",
      "dependencies": [
        "unicode-emoji-modifier-base"
      ]
    },
    "tslib@2.8.1": {
      "integrity": "sha512-oJFu94HQb+KVduSUQL7wnpmqnfmLsOA/nAh6b6EH0wCEoK0/mPeXU6c3wKDV83MkOuHPRHtSXKKU99IBazS/2w=="
    },
    "undici-types@6.21.0": {
      "integrity": "sha512-iwDZqg0QAGrg9Rav5H4n0M64c3mkR59cJ6wQp+7C4nI0gsmExaedaYLNO44eT4AtBBwjbTiGPMlt2Md0T9H9JQ=="
    },
    "undici-types@7.8.0": {
      "integrity": "sha512-9UJ2xGDvQ43tYyVMpuHlsgApydB8ZKfVYTsLDhXkFL/6gfkp+U8xTGdh8pMJv1SpZna0zxG1DwsKZsreLbXBxw=="
    },
    "unicode-emoji-modifier-base@1.0.0": {
      "integrity": "sha512-yLSH4py7oFH3oG/9K+XWrz1pSi3dfUrWEnInbxMfArOfc1+33BlGPQtLsOYwvdMy11AwUBetYuaRxSPqgkq+8g=="
    }
  },
  "redirects": {
    "https://esm.sh/bech32": "https://esm.sh/bech32@2.0.0"
  },
  "remote": {
    "https://esm.sh/bech32@2.0.0": "1b943d1583f3708812c3cfccc8236cf92d8f9b191881984e26e0b9decaed9a16",
    "https://esm.sh/bech32@2.0.0/denonext/bech32.mjs": "80859514ec6ba04858364eba363d5ac73ac8d97086754e0baf14fa31d4f1b63a"
  },
  "workspace": {
    "dependencies": [
      "npm:@noble/curves@^1.9.4",
      "npm:@noble/hashes@^1.8.0",
      "npm:@nostr-dev-kit/ndk-cache-dexie@2.6",
      "npm:@nostr-dev-kit/ndk@^2.14.32",
      "npm:@popperjs/core@2.11",
      "npm:@tailwindcss/forms@0.5",
      "npm:@tailwindcss/typography@0.5",
      "npm:asciidoctor@3.0",
      "npm:bech32@2",
      "npm:d3@^7.9.0",
      "npm:flowbite-svelte-icons@2.1",
      "npm:flowbite-svelte@0.48",
      "npm:flowbite@2",
      "npm:he@1.2",
      "npm:highlight.js@^11.11.1",
      "npm:node-emoji@^2.2.0",
      "npm:nostr-tools@2.15",
      "npm:plantuml-encoder@^1.4.0",
      "npm:qrcode@^1.5.4",
      "npm:svelte@^5.36.8",
      "npm:tailwind-merge@^3.3.1"
    ],
    "packageJson": {
      "dependencies": [
        "npm:@noble/curves@^1.9.4",
        "npm:@noble/hashes@^1.8.0",
        "npm:@nostr-dev-kit/ndk-cache-dexie@2.6",
        "npm:@nostr-dev-kit/ndk@^2.14.32",
        "npm:@playwright/test@^1.54.1",
        "npm:@popperjs/core@2.11",
        "npm:@sveltejs/adapter-auto@^6.0.1",
        "npm:@sveltejs/adapter-node@^5.2.13",
        "npm:@sveltejs/adapter-static@3",
        "npm:@sveltejs/kit@^2.25.0",
        "npm:@sveltejs/vite-plugin-svelte@^6.1.0",
        "npm:@tailwindcss/forms@0.5",
        "npm:@tailwindcss/typography@0.5",
        "npm:@types/d3@^7.4.3",
        "npm:@types/he@1.2",
        "npm:@types/mathjax@^0.0.40",
        "npm:@types/node@^24.0.15",
        "npm:@types/qrcode@^1.5.5",
        "npm:asciidoctor@3.0",
        "npm:autoprefixer@^10.4.21",
        "npm:bech32@2",
        "npm:d3@^7.9.0",
        "npm:eslint-plugin-svelte@^3.11.0",
        "npm:flowbite-svelte-icons@2.1",
        "npm:flowbite-svelte@0.48",
        "npm:flowbite@2",
        "npm:he@1.2",
        "npm:highlight.js@^11.11.1",
        "npm:node-emoji@^2.2.0",
        "npm:nostr-tools@2.15",
        "npm:plantuml-encoder@^1.4.0",
        "npm:playwright@^1.50.1",
        "npm:postcss-load-config@6",
        "npm:postcss@^8.5.6",
        "npm:prettier-plugin-svelte@^3.4.0",
        "npm:prettier@^3.6.2",
        "npm:qrcode@^1.5.4",
        "npm:svelte-check@4",
        "npm:svelte@^5.36.8",
        "npm:tailwind-merge@^3.3.1",
        "npm:tailwindcss@^3.4.17",
        "npm:tslib@2.8",
        "npm:typescript@^5.8.3",
        "npm:vite@^6.3.5",
        "npm:vitest@^3.1.3"
      ]
    }
  }
}
